
Microsoft Visual Studio Solution File, Format Version 12.00
# Visual Studio Version 17
VisualStudioVersion = 17.10.35122.118
MinimumVisualStudioVersion = 10.0.40219.1
Project("{9A19103F-16F7-4668-BE54-9A1E7A4F7556}") = "ChatApp.Client", "ChatApp.Client\ChatApp.Client.csproj", "{F79CCA7C-B2FD-49FF-8563-61AD7B6E8375}"
EndProject
Project("{9A19103F-16F7-4668-BE54-9A1E7A4F7556}") = "ChatApp.Server", "ChatApp.Server\ChatApp.Server.csproj", "{BB6488DE-898D-4A79-AB8C-ABA13391128A}"
EndProject
Project("{FAE04EC0-301F-11D3-BF4B-00C04F79EFBC}") = "ChatApp.Common", "ChatApp.Common\ChatApp.Common.csproj", "{4EBE8109-A40F-4E51-80E7-2B6CD5207072}"
EndProject
Global
	GlobalSection(SolutionConfigurationPlatforms) = preSolution
		Debug|Any CPU = Debug|Any CPU
		Release|Any CPU = Release|Any CPU
	EndGlobalSection
	GlobalSection(ProjectConfigurationPlatforms) = postSolution
		{F79CCA7C-B2FD-49FF-8563-61AD7B6E8375}.Debug|Any CPU.ActiveCfg = Debug|Any CPU
		{F79CCA7C-B2FD-49FF-8563-61AD7B6E8375}.Debug|Any CPU.Build.0 = Debug|Any CPU
		{F79CCA7C-B2FD-49FF-8563-61AD7B6E8375}.Release|Any CPU.ActiveCfg = Release|Any CPU
		{F79CCA7C-B2FD-49FF-8563-61AD7B6E8375}.Release|Any CPU.Build.0 = Release|Any CPU
		{BB6488DE-898D-4A79-AB8C-ABA13391128A}.Debug|Any CPU.ActiveCfg = Debug|Any CPU
		{BB6488DE-898D-4A79-AB8C-ABA13391128A}.Debug|Any CPU.Build.0 = Debug|Any CPU
		{BB6488DE-898D-4A79-AB8C-ABA13391128A}.Release|Any CPU.ActiveCfg = Release|Any CPU
		{BB6488DE-898D-4A79-AB8C-ABA13391128A}.Release|Any CPU.Build.0 = Release|Any CPU
		{4EBE8109-A40F-4E51-80E7-2B6CD5207072}.Debug|Any CPU.ActiveCfg = Debug|Any CPU
		{4EBE8109-A40F-4E51-80E7-2B6CD5207072}.Debug|Any CPU.Build.0 = Debug|Any CPU
		{4EBE8109-A40F-4E51-80E7-2B6CD5207072}.Release|Any CPU.ActiveCfg = Release|Any CPU
		{4EBE8109-A40F-4E51-80E7-2B6CD5207072}.Release|Any CPU.Build.0 = Release|Any CPU
	EndGlobalSection
	GlobalSection(SolutionProperties) = preSolution
		HideSolutionNode = FALSE
	EndGlobalSection
	GlobalSection(ExtensibilityGlobals) = postSolution
		SolutionGuid = {7E2C23C9-8A08-4FB5-A8BB-705899086163}
	EndGlobalSection
EndGlobal
